
Microsoft Visual Studio Solution File, Format Version 12.00
# Visual Studio 15
VisualStudioVersion = 15.0.27428.2015
MinimumVisualStudioVersion = 10.0.40219.1
Project("{FAE04EC0-301F-11D3-BF4B-00C04F79EFBC}") = "CarInventory", "CarInventory\CarInventory.csproj", "{675BDD92-E6B4-40CA-8A04-EFD4DE904DDA}"
EndProject
Project("{FAE04EC0-301F-11D3-BF4B-00C04F79EFBC}") = "CarInventoryServer", "CarInventoryServer\CarInventoryServer.csproj", "{1B749941-5065-4F76-B37E-DC464A7A560D}"
EndProject
Project("{FAE04EC0-301F-11D3-BF4B-00C04F79EFBC}") = "CarInventoryClient", "CarInventoryClient\CarInventoryClient.csproj", "{0CEC8344-FAAA-48CB-80B7-3BE276EDCE3D}"
EndProject
Global
	GlobalSection(SolutionConfigurationPlatforms) = preSolution
		Debug|Any CPU = Debug|Any CPU
		Release|Any CPU = Release|Any CPU
	EndGlobalSection
	GlobalSection(ProjectConfigurationPlatforms) = postSolution
		{675BDD92-E6B4-40CA-8A04-EFD4DE904DDA}.Debug|Any CPU.ActiveCfg = Debug|Any CPU
		{675BDD92-E6B4-40CA-8A04-EFD4DE904DDA}.Debug|Any CPU.Build.0 = Debug|Any CPU
		{675BDD92-E6B4-40CA-8A04-EFD4DE904DDA}.Release|Any CPU.ActiveCfg = Release|Any CPU
		{675BDD92-E6B4-40CA-8A04-EFD4DE904DDA}.Release|Any CPU.Build.0 = Release|Any CPU
		{1B749941-5065-4F76-B37E-DC464A7A560D}.Debug|Any CPU.ActiveCfg = Debug|Any CPU
		{1B749941-5065-4F76-B37E-DC464A7A560D}.Debug|Any CPU.Build.0 = Debug|Any CPU
		{1B749941-5065-4F76-B37E-DC464A7A560D}.Release|Any CPU.ActiveCfg = Release|Any CPU
		{1B749941-5065-4F76-B37E-DC464A7A560D}.Release|Any CPU.Build.0 = Release|Any CPU
		{0CEC8344-FAAA-48CB-80B7-3BE276EDCE3D}.Debug|Any CPU.ActiveCfg = Debug|Any CPU
		{0CEC8344-FAAA-48CB-80B7-3BE276EDCE3D}.Debug|Any CPU.Build.0 = Debug|Any CPU
		{0CEC8344-FAAA-48CB-80B7-3BE276EDCE3D}.Release|Any CPU.ActiveCfg = Release|Any CPU
		{0CEC8344-FAAA-48CB-80B7-3BE276EDCE3D}.Release|Any CPU.Build.0 = Release|Any CPU
	EndGlobalSection
	GlobalSection(SolutionProperties) = preSolution
		HideSolutionNode = FALSE
	EndGlobalSection
	GlobalSection(ExtensibilityGlobals) = postSolution
		SolutionGuid = {08CDD1ED-F741-41C3-BE1A-677E659F06A3}
	EndGlobalSection
EndGlobal
